
Microsoft Visual Studio Solution File, Format Version 12.00
# Visual Studio Version 17
VisualStudioVersion = 17.0.32002.185
MinimumVisualStudioVersion = 10.0.40219.1
Project("{9A19103F-16F7-4668-BE54-9A1E7A4F7556}") = "BlazorMovies.Server", "BlazorMovies\Server\BlazorMovies.Server.csproj", "{353891B1-FD7F-4FC5-A496-FCB2FF6C6094}"
EndProject
Project("{9A19103F-16F7-4668-BE54-9A1E7A4F7556}") = "BlazorMovies.Client", "BlazorMovies\Client\BlazorMovies.Client.csproj", "{E170D411-8A3D-42AD-A34D-445AB0C9EE10}"
EndProject
Project("{9A19103F-16F7-4668-BE54-9A1E7A4F7556}") = "BlazorMovies.Shared", "BlazorMovies\Shared\BlazorMovies.Shared.csproj", "{85371AA9-E20D-461E-B580-9F26904412A5}"
EndProject
Global
	GlobalSection(SolutionConfigurationPlatforms) = preSolution
		Debug|Any CPU = Debug|Any CPU
		Release|Any CPU = Release|Any CPU
	EndGlobalSection
	GlobalSection(ProjectConfigurationPlatforms) = postSolution
		{353891B1-FD7F-4FC5-A496-FCB2FF6C6094}.Debug|Any CPU.ActiveCfg = Debug|Any CPU
		{353891B1-FD7F-4FC5-A496-FCB2FF6C6094}.Debug|Any CPU.Build.0 = Debug|Any CPU
		{353891B1-FD7F-4FC5-A496-FCB2FF6C6094}.Release|Any CPU.ActiveCfg = Release|Any CPU
		{353891B1-FD7F-4FC5-A496-FCB2FF6C6094}.Release|Any CPU.Build.0 = Release|Any CPU
		{E170D411-8A3D-42AD-A34D-445AB0C9EE10}.Debug|Any CPU.ActiveCfg = Debug|Any CPU
		{E170D411-8A3D-42AD-A34D-445AB0C9EE10}.Debug|Any CPU.Build.0 = Debug|Any CPU
		{E170D411-8A3D-42AD-A34D-445AB0C9EE10}.Release|Any CPU.ActiveCfg = Release|Any CPU
		{E170D411-8A3D-42AD-A34D-445AB0C9EE10}.Release|Any CPU.Build.0 = Release|Any CPU
		{85371AA9-E20D-461E-B580-9F26904412A5}.Debug|Any CPU.ActiveCfg = Debug|Any CPU
		{85371AA9-E20D-461E-B580-9F26904412A5}.Debug|Any CPU.Build.0 = Debug|Any CPU
		{85371AA9-E20D-461E-B580-9F26904412A5}.Release|Any CPU.ActiveCfg = Release|Any CPU
		{85371AA9-E20D-461E-B580-9F26904412A5}.Release|Any CPU.Build.0 = Release|Any CPU
	EndGlobalSection
	GlobalSection(SolutionProperties) = preSolution
		HideSolutionNode = FALSE
	EndGlobalSection
	GlobalSection(ExtensibilityGlobals) = postSolution
		SolutionGuid = {AED22301-34FC-4F4F-9F12-0F40F554EEF3}
	EndGlobalSection
EndGlobal
